{
  "version": "5",
  "specifiers": {
    "jsr:@std/cli@*": "1.0.28",
    "jsr:@std/internal@^1.0.12": "1.0.12",
    "jsr:@std/path@*": "1.1.4"
  },
  "jsr": {
    "@std/cli@1.0.28": {
      "integrity": "74ef9b976db59ca6b23a5283469c9072be6276853807a83ec6c7ce412135c70a"
    },
    "@std/internal@1.0.12": {
      "integrity": "972a634fd5bc34b242024402972cd5143eac68d8dffaca5eaa4dba30ce17b027"
    },
    "@std/path@1.1.4": {
      "integrity": "1d2d43f39efb1b42f0b1882a25486647cb851481862dc7313390b2bb044314b5",
      "dependencies": [
        "jsr:@std/internal"
      ]
    }
  },
  "workspace": {
    "packageJson": {
      "dependencies": [
        "npm:@gsap/react@^2.1.2",
        "npm:@react-three/drei@^10.7.7",
        "npm:@react-three/fiber@^9.5.0",
        "npm:@types/node@20",
        "npm:@types/react-dom@19",
        "npm:@types/react@19",
        "npm:@types/three@0.182",
        "npm:babel-plugin-react-compiler@1.0.0",
        "npm:clsx@^2.1.1",
        "npm:eslint-config-next@16.1.6",
        "npm:eslint@9",
        "npm:gray-matter@^4.0.3",
        "npm:gsap@^3.14.2",
        "npm:html2canvas@^1.4.1",
        "npm:lenis@^1.3.17",
        "npm:next@16.1.6",
        "npm:react-dom@19.2.3",
        "npm:react@19.2.3",
        "npm:remark-html@^16.0.1",
        "npm:remark@^15.0.1",
        "npm:sass@^1.97.3",
        "npm:three@0.182",
        "npm:typescript@5",
        "npm:zustand@^5.0.11"
      ]
    }
  }
}
